
Microsoft Visual Studio Solution File, Format Version 12.00
# Visual Studio Version 16
VisualStudioVersion = 16.0.30517.126
MinimumVisualStudioVersion = 10.0.40219.1
Project("{FAE04EC0-301F-11D3-BF4B-00C04F79EFBC}") = "Unidad2Practica4", "Unidad2Practica4\Unidad2Practica4.csproj", "{9A0092B1-489D-462E-B564-0FA09DCEB88E}"
EndProject
Global
	GlobalSection(SolutionConfigurationPlatforms) = preSolution
		Debug|Any CPU = Debug|Any CPU
		Release|Any CPU = Release|Any CPU
	EndGlobalSection
	GlobalSection(ProjectConfigurationPlatforms) = postSolution
		{9A0092B1-489D-462E-B564-0FA09DCEB88E}.Debug|Any CPU.ActiveCfg = Debug|Any CPU
		{9A0092B1-489D-462E-B564-0FA09DCEB88E}.Debug|Any CPU.Build.0 = Debug|Any CPU
		{9A0092B1-489D-462E-B564-0FA09DCEB88E}.Release|Any CPU.ActiveCfg = Release|Any CPU
		{9A0092B1-489D-462E-B564-0FA09DCEB88E}.Release|Any CPU.Build.0 = Release|Any CPU
	EndGlobalSection
	GlobalSection(SolutionProperties) = preSolution
		HideSolutionNode = FALSE
	EndGlobalSection
	GlobalSection(ExtensibilityGlobals) = postSolution
		SolutionGuid = {D6B5047E-0C5F-4C90-8878-D76F49CA3AE0}
	EndGlobalSection
EndGlobal
